
Microsoft Visual Studio Solution File, Format Version 12.00
# Visual Studio Version 17
VisualStudioVersion = 17.6.33801.468
MinimumVisualStudioVersion = 10.0.40219.1
Project("{FAE04EC0-301F-11D3-BF4B-00C04F79EFBC}") = "BankDemo", "BankDemo\BankDemo.csproj", "{9D7C45A8-690E-4B1E-B210-09F72811C7A2}"
EndProject
Project("{FAE04EC0-301F-11D3-BF4B-00C04F79EFBC}") = "BankDemo.Unit.Tests", "BankAccountRepository.Unit.Tests\BankDemo.Unit.Tests.csproj", "{04DB9562-D339-46DC-B585-DAE1646C374B}"
EndProject
Project("{FAE04EC0-301F-11D3-BF4B-00C04F79EFBC}") = "BankAccount.BDD.Tests", "BankAccount.BDD.Tests\BankAccount.BDD.Tests.csproj", "{79BB990E-9441-471A-B3EF-EBEC4456F918}"
EndProject
Global
	GlobalSection(SolutionConfigurationPlatforms) = preSolution
		Debug|Any CPU = Debug|Any CPU
		Release|Any CPU = Release|Any CPU
	EndGlobalSection
	GlobalSection(ProjectConfigurationPlatforms) = postSolution
		{9D7C45A8-690E-4B1E-B210-09F72811C7A2}.Debug|Any CPU.ActiveCfg = Debug|Any CPU
		{9D7C45A8-690E-4B1E-B210-09F72811C7A2}.Debug|Any CPU.Build.0 = Debug|Any CPU
		{9D7C45A8-690E-4B1E-B210-09F72811C7A2}.Release|Any CPU.ActiveCfg = Release|Any CPU
		{9D7C45A8-690E-4B1E-B210-09F72811C7A2}.Release|Any CPU.Build.0 = Release|Any CPU
		{04DB9562-D339-46DC-B585-DAE1646C374B}.Debug|Any CPU.ActiveCfg = Debug|Any CPU
		{04DB9562-D339-46DC-B585-DAE1646C374B}.Debug|Any CPU.Build.0 = Debug|Any CPU
		{04DB9562-D339-46DC-B585-DAE1646C374B}.Release|Any CPU.ActiveCfg = Release|Any CPU
		{04DB9562-D339-46DC-B585-DAE1646C374B}.Release|Any CPU.Build.0 = Release|Any CPU
		{79BB990E-9441-471A-B3EF-EBEC4456F918}.Debug|Any CPU.ActiveCfg = Debug|Any CPU
		{79BB990E-9441-471A-B3EF-EBEC4456F918}.Debug|Any CPU.Build.0 = Debug|Any CPU
		{79BB990E-9441-471A-B3EF-EBEC4456F918}.Release|Any CPU.ActiveCfg = Release|Any CPU
		{79BB990E-9441-471A-B3EF-EBEC4456F918}.Release|Any CPU.Build.0 = Release|Any CPU
	EndGlobalSection
	GlobalSection(SolutionProperties) = preSolution
		HideSolutionNode = FALSE
	EndGlobalSection
	GlobalSection(ExtensibilityGlobals) = postSolution
		SolutionGuid = {ABEA9D9B-D0C0-4D85-92D9-315CCAB5BA39}
	EndGlobalSection
EndGlobal
